
Microsoft Visual Studio Solution File, Format Version 12.00
# Visual Studio Version 16
VisualStudioVersion = 16.0.30907.101
MinimumVisualStudioVersion = 10.0.40219.1
Project("{FAE04EC0-301F-11D3-BF4B-00C04F79EFBC}") = "TestingLab1", "TestingLab1.csproj", "{5A0DF6C8-BFFC-4EC1-8714-7B582E16632C}"
EndProject
Global
	GlobalSection(SolutionConfigurationPlatforms) = preSolution
		Debug|Any CPU = Debug|Any CPU
		Release|Any CPU = Release|Any CPU
	EndGlobalSection
	GlobalSection(ProjectConfigurationPlatforms) = postSolution
		{5A0DF6C8-BFFC-4EC1-8714-7B582E16632C}.Debug|Any CPU.ActiveCfg = Debug|Any CPU
		{5A0DF6C8-BFFC-4EC1-8714-7B582E16632C}.Debug|Any CPU.Build.0 = Debug|Any CPU
		{5A0DF6C8-BFFC-4EC1-8714-7B582E16632C}.Release|Any CPU.ActiveCfg = Release|Any CPU
		{5A0DF6C8-BFFC-4EC1-8714-7B582E16632C}.Release|Any CPU.Build.0 = Release|Any CPU
	EndGlobalSection
	GlobalSection(SolutionProperties) = preSolution
		HideSolutionNode = FALSE
	EndGlobalSection
	GlobalSection(ExtensibilityGlobals) = postSolution
		SolutionGuid = {5490CD1D-E273-4EAC-8110-31F0BF515846}
	EndGlobalSection
EndGlobal
